{"manifest-hash":"3967c81a7c232a4b7519105e047c6c59db636952336d980c807d5779d2d34973","packages":[{"dependencies":{},"manifest-hash":"d025bef9ce2aa850000044b491f1878e465021da552503c48f29d170dbb8aa14","name":"leaf","source":{"path":"packages/leaf"}},{"dependencies":{"leaf":"leaf"},"manifest-hash":"686bd4cccd3b33acd3d25517fddb695d33621cad8a310e4176740d86c86eac65","name":"middle","source":{"path":"packages/middle"}},{"dependencies":{"middle":"middle"},"manifest-hash":"491044bae03b25e9b85e5e8b1ddd5b4ef7eaf2d5dfb9ad1788d661d4b23b8bcc","name":"native_app","source":{"path":"."}}],"root":"native_app","schema":3}