{"manifest-hash":"2171f5694221f5209cf8aa80c505515bc8fffd6192567aae259049da3250dbbd","packages":[{"dependencies":{},"manifest-hash":"ee76488ddbad314af0c1af93a89bb017b99f04856c2baa1fd751b0968e589504","name":"leaf","source":{"path":"packages/leaf"}},{"dependencies":{"leaf":"leaf"},"manifest-hash":"aacbd945332fec392d508f89f9ac1eb198b35b3d4b0b09d788bf05f76de9f471","name":"middle","source":{"path":"packages/middle"}},{"dependencies":{"middle":"middle"},"manifest-hash":"491044bae03b25e9b85e5e8b1ddd5b4ef7eaf2d5dfb9ad1788d661d4b23b8bcc","name":"native_app","source":{"path":"."}}],"root":"native_app","schema":3}