{"manifest-hash":"f8b16f1aab98fb824e9620e4a2557f9dd1742f8783f5276df58bd49b30df99b5","packages":[{"dependencies":{},"manifest-hash":"cccce67cea1c0ca1da375d67736eb232fa0c5a5d5cd2bbe20407ad8bf6d1c1f8","name":"leaf","source":{"path":"packages/leaf"}},{"dependencies":{"leaf":"leaf"},"manifest-hash":"094690ed610997aa607f175841462fc20f8053bd258ba98d51a3a769d9d687ee","name":"middle","source":{"path":"packages/middle"}},{"dependencies":{"middle":"middle"},"manifest-hash":"8635e494dae75c529615b03f5408daeaf5d790667e33616bd135be272f1995ab","name":"native_app","source":{"path":"."}}],"root":"native_app","schema":3}