{"manifest-hash":"d4d9224657b9d0adb62282bdc1313a74454f495119f2851e9f78b043285a7d0e","packages":[{"dependencies":{},"manifest-hash":"6922542eff4966762e9d5af5dce76d1c7295a0e58f8f55bba4c7a5d36fb6c484","name":"btrc_stdlib_app","source":{"path":"App"}},{"dependencies":{},"manifest-hash":"754d7349fc97f3107688defef7aa65b03cc7aa586271ad2c21e47e71bb4126bd","name":"btrc_stdlib_audio","source":{"path":"Audio"}},{"dependencies":{},"manifest-hash":"7831820d6980105684ff8351b041ef3f24e855dba25d7f61df9164ee3995ca8b","name":"btrc_stdlib_backgroundjobs","source":{"path":"BackgroundJobs"}},{"dependencies":{},"manifest-hash":"0e66da44a0f52cb166b9cd0af370b6f77794da2d53cdf5a0567d282956202997","name":"btrc_stdlib_daemon","source":{"path":"Daemon"}},{"dependencies":{},"manifest-hash":"225c98aa9c3909e3615d91663162a26bf3741ba76aa7c38740597fddb7062082","name":"btrc_stdlib_digest","source":{"path":"Digest"}},{"dependencies":{},"manifest-hash":"f599f46eb17740601f859364fcbeae0db8b411f53e0fc1786606fe6fa837909e","name":"btrc_stdlib_filesystem","source":{"path":"FileSystem"}},{"dependencies":{},"manifest-hash":"145e5fc24d81f49621e1ae0e882526aeb99ade86838a37e0e010ea7c2e44e597","name":"btrc_stdlib_gpu","source":{"path":"GPU"}},{"dependencies":{},"manifest-hash":"6f3f00dab2058b313ab9d2507543490fec164521fe0aeb6ca3d1106c07f1e4fa","name":"btrc_stdlib_graph","source":{"path":"Graph"}},{"dependencies":{},"manifest-hash":"454868fc408918a0b210c157823f581f4971e01d6ed98c52f8a003a319184029","name":"btrc_stdlib_gui","source":{"path":"GUI"}},{"dependencies":{},"manifest-hash":"12e774a9ad5b622e889804eb0d62601aeb5473f511fc7cd53e9ce94946a931e1","name":"btrc_stdlib_http","source":{"path":"HTTP"}},{"dependencies":{},"manifest-hash":"c3b17f659983411f613045865765300fbbcf13d4881d13d4bc0595809d6d6bb0","name":"btrc_stdlib_image","source":{"path":"Image"}},{"dependencies":{},"manifest-hash":"15862cb913bb93e1e68710f8db4ac0fa79d9d2c80bd67869f110baca5cf1d968","name":"btrc_stdlib_localapplicationchannel","source":{"path":"LocalApplicationChannel"}},{"dependencies":{},"manifest-hash":"91a99187af1cd7d2a738bba9617ff7777dda3a575c41f1c3efc8e886f8ce7860","name":"btrc_stdlib_realtime","source":{"path":"Realtime"}},{"dependencies":{"App":"btrc_stdlib_app","Audio":"btrc_stdlib_audio","BackgroundJobs":"btrc_stdlib_backgroundjobs","Daemon":"btrc_stdlib_daemon","Digest":"btrc_stdlib_digest","FileSystem":"btrc_stdlib_filesystem","GPU":"btrc_stdlib_gpu","GUI":"btrc_stdlib_gui","Graph":"btrc_stdlib_graph","HTTP":"btrc_stdlib_http","Image":"btrc_stdlib_image","LocalApplicationChannel":"btrc_stdlib_localapplicationchannel","Realtime":"btrc_stdlib_realtime","Terminal":"btrc_stdlib_terminal","Tray":"btrc_stdlib_tray","UI":"btrc_stdlib_ui"},"manifest-hash":"b761a612c00c5e33832c67c496ab38522983d7900d3f1650b8165c7bd266f84d","name":"btrc_stdlib_runtime","source":{"path":"."}},{"dependencies":{},"manifest-hash":"877c0c4b78200fe96ef6f8f2e306784e677d8e384851d2670ecfd0706c6429e6","name":"btrc_stdlib_terminal","source":{"path":"Terminal"}},{"dependencies":{},"manifest-hash":"df81d1917c54dcea7721b2b0ab7dd014ebb47e1da39d349fc2bd74ae0bc2366d","name":"btrc_stdlib_tray","source":{"path":"Tray"}},{"dependencies":{},"manifest-hash":"281cc42334229a990915cffb6fe38098af7597764448fcd03a7be98c257ab5fc","name":"btrc_stdlib_ui","source":{"path":"UI"}}],"root":"btrc_stdlib_runtime","schema":3}